// !$*UTF8*$!
{
	archiveVersion = 1;
	classes = {
	};
	objectVersion = 50;
	objects = {

/* Begin PBXBuildFile section */
		FDA764EF2487DCAC00A3F53E /* AppDelegate.swift in Sources */ = {isa = PBXBuildFile; fileRef = FDA764EE2487DCAC00A3F53E /* AppDelegate.swift */; };
		FDA764F12487DCAC00A3F53E /* SceneDelegate.swift in Sources */ = {isa = PBXBuildFile; fileRef = FDA764F02487DCAC00A3F53E /* SceneDelegate.swift */; };
		FDA764F32487DCAC00A3F53E /* ContentView.swift in Sources */ = {isa = PBXBuildFile; fileRef = FDA764F22487DCAC00A3F53E /* ContentView.swift */; };
		FDA764F52487DCAF00A3F53E /* Assets.xcassets in Resources */ = {isa = PBXBuildFile; fileRef = FDA764F42487DCAF00A3F53E /* Assets.xcassets */; };
		FDA764F82487DCAF00A3F53E /* Preview Assets.xcassets in Resources */ = {isa = PBXBuildFile; fileRef = FDA764F72487DCAF00A3F53E /* Preview Assets.xcassets */; };
		FDA764FB2487DCAF00A3F53E /* LaunchScreen.storyboard in Resources */ = {isa = PBXBuildFile; fileRef = FDA764F92487DCAF00A3F53E /* LaunchScreen.storyboard */; };
/* End PBXBuildFile section */

/* Begin PBXFileReference section */
		FDA764EB2487DCAC00A3F53E /* SwiftUITextbookChapter7.app */ = {isa = PBXFileReference; explicitFileType = wrapper.application; includeInIndex = 0; path = SwiftUITextbookChapter7.app; sourceTree = BUILT_PRODUCTS_DIR; };
		FDA764EE2487DCAC00A3F53E /* AppDelegate.swift */ = {isa = PBXFileReference; lastKnownFileType = sourcecode.swift; path = AppDelegate.swift; sourceTree = "<group>"; };
		FDA764F02487DCAC00A3F53E /* SceneDelegate.swift */ = {isa = PBXFileReference; lastKnownFileType = sourcecode.swift; path = SceneDelegate.swift; sourceTree = "<group>"; };
		FDA764F22487DCAC00A3F53E /* ContentView.swift */ = {isa = PBXFileReference; lastKnownFileType = sourcecode.swift; path = ContentView.swift; sourceTree = "<group>"; };
		FDA764F42487DCAF00A3F53E /* Assets.xcassets */ = {isa = PBXFileReference; lastKnownFileType = folder.assetcatalog; path = Assets.xcassets; sourceTree = "<group>"; };
		FDA764F72487DCAF00A3F53E /* Preview Assets.xcassets */ = {isa = PBXFileReference; lastKnownFileType = folder.assetcatalog; path = "Preview Assets.xcassets"; sourceTree = "<group>"; };
		FDA764FA2487DCAF00A3F53E /* Base */ = {isa = PBXFileReference; lastKnownFileType = file.storyboard; name = Base; path = Base.lproj/LaunchScreen.storyboard; sourceTree = "<group>"; };
		FDA764FC2487DCAF00A3F53E /* Info.plist */ = {isa = PBXFileReference; lastKnownFileType = text.plist.xml; path = Info.plist; sourceTree = "<group>"; };
/* End PBXFileReference section */

/* Begin PBXFrameworksBuildPhase section */
		FDA764E82487DCAC00A3F53E /* Frameworks */ = {
			isa = PBXFrameworksBuildPhase;
			buildActionMask = 2147483647;
			files = (
			);
			runOnlyForDeploymentPostprocessing = 0;
		};
/* End PBXFrameworksBuildPhase section */

/* Begin PBXGroup section */
		FDA764E22487DCAC00A3F53E = {
			isa = PBXGroup;
			children = (
				FDA764ED2487DCAC00A3F53E /* SwiftUITextbookChapter7 */,
				FDA764EC2487DCAC00A3F53E /* Products */,
			);
			sourceTree = "<group>";
		};
		FDA764EC2487DCAC00A3F53E /* Products */ = {
			isa = PBXGroup;
			children = (
				FDA764EB2487DCAC00A3F53E /* SwiftUITextbookChapter7.app */,
			);
			name = Products;
			sourceTree = "<group>";
		};
		FDA764ED2487DCAC00A3F53E /* SwiftUITextbookChapter7 */ = {
			isa = PBXGroup;
			children = (
				FDA764EE2487DCAC00A3F53E /* AppDelegate.swift */,
				FDA764F02487DCAC00A3F53E /* SceneDelegate.swift */,
				FDA764F22487DCAC00A3F53E /* ContentView.swift */,
				FDA764F42487DCAF00A3F53E /* Assets.xcassets */,
				FDA764F92487DCAF00A3F53E /* LaunchScreen.storyboard */,
				FDA764FC2487DCAF00A3F53E /* Info.plist */,
				FDA764F62487DCAF00A3F53E /* Preview Content */,
			);
			path = SwiftUITextbookChapter7;
			sourceTree = "<group>";
		};
		FDA764F62487DCAF00A3F53E /* Preview Content */ = {
			isa = PBXGroup;
			children = (
				FDA764F72487DCAF00A3F53E /* Preview Assets.xcassets */,
			);
			path = "Preview Content";
			sourceTree = "<group>";
		};
/* End PBXGroup section */

/* Begin PBXNativeTarget section */
		FDA764EA2487DCAC00A3F53E /* SwiftUITextbookChapter7 */ = {
			isa = PBXNativeTarget;
			buildConfigurationList = FDA764FF2487DCAF00A3F53E /* Build configuration list for PBXNativeTarget "SwiftUITextbookChapter7" */;
			buildPhases = (
				FDA764E72487DCAC00A3F53E /* Sources */,
				FDA764E82487DCAC00A3F53E /* Frameworks */,
				FDA764E92487DCAC00A3F53E /* Resources */,
			);
			buildRules = (
			);
			dependencies = (
			);
			name = SwiftUITextbookChapter7;
			productName = SwiftUITextbookChapter7;
			productReference = FDA764EB2487DCAC00A3F53E /* SwiftUITextbookChapter7.app */;
			productType = "com.apple.product-type.application";
		};
/* End PBXNativeTarget section */

/* Begin PBXProject section */
		FDA764E32487DCAC00A3F53E /* Project object */ = {
			isa = PBXProject;
			attributes = {
				LastSwiftUpdateCheck = 1130;
				LastUpgradeCheck = 1130;
				ORGANIZATIONNAME = "Swift-beginners";
				TargetAttributes = {
					FDA764EA2487DCAC00A3F53E = {
						CreatedOnToolsVersion = 11.3;
					};
				};
			};
			buildConfigurationList = FDA764E62487DCAC00A3F53E /* Build configuration list for PBXProject "SwiftUITextbookChapter7" */;
			compatibilityVersion = "Xcode 9.3";
			developmentRegion = en;
			hasScannedForEncodings = 0;
			knownRegions = (
				en,
				Base,
			);
			mainGroup = FDA764E22487DCAC00A3F53E;
			productRefGroup = FDA764EC2487DCAC00A3F53E /* Products */;
			projectDirPath = "";
			projectRoot = "";
			targets = (
				FDA764EA2487DCAC00A3F53E /* SwiftUITextbookChapter7 */,
			);
		};
/* End PBXProject section */

/* Begin PBXResourcesBuildPhase section */
		FDA764E92487DCAC00A3F53E /* Resources */ = {
			isa = PBXResourcesBuildPhase;
			buildActionMask = 2147483647;
			files = (
				FDA764FB2487DCAF00A3F53E /* LaunchScreen.storyboard in Resources */,
				FDA764F82487DCAF00A3F53E /* Preview Assets.xcassets in Resources */,
				FDA764F52487DCAF00A3F53E /* Assets.xcassets in Resources */,
			);
			runOnlyForDeploymentPostprocessing = 0;
		};
/* End PBXResourcesBuildPhase section */

/* Begin PBXSourcesBuildPhase section */
		FDA764E72487DCAC00A3F53E /* Sources */ = {
			isa = PBXSourcesBuildPhase;
			buildActionMask = 2147483647;
			files = (
				FDA764EF2487DCAC00A3F53E /* AppDelegate.swift in Sources */,
				FDA764F12487DCAC00A3F53E /* SceneDelegate.swift in Sources */,
				FDA764F32487DCAC00A3F53E /* ContentView.swift in Sources */,
			);
			runOnlyForDeploymentPostprocessing = 0;
		};
/* End PBXSourcesBuildPhase section */

/* Begin PBXVariantGroup section */
		FDA764F92487DCAF00A3F53E /* LaunchScreen.storyboard */ = {
			isa = PBXVariantGroup;
			children = (
				FDA764FA2487DCAF00A3F53E /* Base */,
			);
			name = LaunchScreen.storyboard;
			sourceTree = "<group>";
		};
/* End PBXVariantGroup section */

/* Begin XCBuildConfiguration section */
		FDA764FD2487DCAF00A3F53E /* Debug */ = {
			isa = XCBuildConfiguration;
			buildSettings = {
				ALWAYS_SEARCH_USER_PATHS = NO;
				CLANG_ANALYZER_NONNULL = YES;
				CLANG_ANALYZER_NUMBER_OBJECT_CONVERSION = YES_AGGRESSIVE;
				CLANG_CXX_LANGUAGE_STANDARD = "gnu++14";
				CLANG_CXX_LIBRARY = "libc++";
				CLANG_ENABLE_MODULES = YES;
				CLANG_ENABLE_OBJC_ARC = YES;
				CLANG_ENABLE_OBJC_WEAK = YES;
				CLANG_WARN_BLOCK_CAPTURE_AUTORELEASING = YES;
				CLANG_WARN_BOOL_CONVERSION = YES;
				CLANG_WARN_COMMA = YES;
				CLANG_WARN_CONSTANT_CONVERSION = YES;
				CLANG_WARN_DEPRECATED_OBJC_IMPLEMENTATIONS = YES;
				CLANG_WARN_DIRECT_OBJC_ISA_USAGE = YES_ERROR;
				CLANG_WARN_DOCUMENTATION_COMMENTS = YES;
				CLANG_WARN_EMPTY_BODY = YES;
				CLANG_WARN_ENUM_CONVERSION = YES;
				CLANG_WARN_INFINITE_RECURSION = YES;
				CLANG_WARN_INT_CONVERSION = YES;
				CLANG_WARN_NON_LITERAL_NULL_CONVERSION = YES;
				CLANG_WARN_OBJC_IMPLICIT_RETAIN_SELF = YES;
				CLANG_WARN_OBJC_LITERAL_CONVERSION = YES;
				CLANG_WARN_OBJC_ROOT_CLASS = YES_ERROR;
				CLANG_WARN_RANGE_LOOP_ANALYSIS = YES;
				CLANG_WARN_STRICT_PROTOTYPES = YES;
				CLANG_WARN_SUSPICIOUS_MOVE = YES;
				CLANG_WARN_UNGUARDED_AVAILABILITY = YES_AGGRESSIVE;
				CLANG_WARN_UNREACHABLE_CODE = YES;
				CLANG_WARN__DUPLICATE_METHOD_MATCH = YES;
				COPY_PHASE_STRIP = NO;
				DEBUG_INFORMATION_FORMAT = dwarf;
				ENABLE_STRICT_OBJC_MSGSEND = YES;
				ENABLE_TESTABILITY = YES;
				GCC_C_LANGUAGE_STANDARD = gnu11;
				GCC_DYNAMIC_NO_PIC = NO;
				GCC_NO_COMMON_BLOCKS = YES;
				GCC_OPTIMIZATION_LEVEL = 0;
				GCC_PREPROCESSOR_DEFINITIONS = (
					"DEBUG=1",
					"$(inherited)",
				);
				GCC_WARN_64_TO_32_BIT_CONVERSION = YES;
				GCC_WARN_ABOUT_RETURN_TYPE = YES_ERROR;
				GCC_WARN_UNDECLARED_SELECTOR = YES;
				GCC_WARN_UNINITIALIZED_AUTOS = YES_AGGRESSIVE;
				GCC_WARN_UNUSED_FUNCTION = YES;
				GCC_WARN_UNUSED_VARIABLE = YES;
				IPHONEOS_DEPLOYMENT_TARGET = 13.2;
				MTL_ENABLE_DEBUG_INFO = INCLUDE_SOURCE;
				MTL_FAST_MATH = YES;
				ONLY_ACTIVE_ARCH = YES;
				SDKROOT = iphoneos;
				SWIFT_ACTIVE_COMPILATION_CONDITIONS = DEBUG;
				SWIFT_OPTIMIZATION_LEVEL = "-Onone";
			};
			name = Debug;
		};
		FDA764FE2487DCAF00A3F53E /* Release */ = {
			isa = XCBuildConfiguration;
			buildSettings = {
				ALWAYS_SEARCH_USER_PATHS = NO;
				CLANG_ANALYZER_NONNULL = YES;
				CLANG_ANALYZER_NUMBER_OBJECT_CONVERSION = YES_AGGRESSIVE;
				CLANG_CXX_LANGUAGE_STANDARD = "gnu++14";
				CLANG_CXX_LIBRARY = "libc++";
				CLANG_ENABLE_MODULES = YES;
				CLANG_ENABLE_OBJC_ARC = YES;
				CLANG_ENABLE_OBJC_WEAK = YES;
				CLANG_WARN_BLOCK_CAPTURE_AUTORELEASING = YES;
				CLANG_WARN_BOOL_CONVERSION = YES;
				CLANG_WARN_COMMA = YES;
				CLANG_WARN_CONSTANT_CONVERSION = YES;
				CLANG_WARN_DEPRECATED_OBJC_IMPLEMENTATIONS = YES;
				CLANG_WARN_DIRECT_OBJC_ISA_USAGE = YES_ERROR;
				CLANG_WARN_DOCUMENTATION_COMMENTS = YES;
				CLANG_WARN_EMPTY_BODY = YES;
				CLANG_WARN_ENUM_CONVERSION = YES;
				CLANG_WARN_INFINITE_RECURSION = YES;
				CLANG_WARN_INT_CONVERSION = YES;
				CLANG_WARN_NON_LITERAL_NULL_CONVERSION = YES;
				CLANG_WARN_OBJC_IMPLICIT_RETAIN_SELF = YES;
				CLANG_WARN_OBJC_LITERAL_CONVERSION = YES;
				CLANG_WARN_OBJC_ROOT_CLASS = YES_ERROR;
				CLANG_WARN_RANGE_LOOP_ANALYSIS = YES;
				CLANG_WARN_STRICT_PROTOTYPES = YES;
				CLANG_WARN_SUSPICIOUS_MOVE = YES;
				CLANG_WARN_UNGUARDED_AVAILABILITY = YES_AGGRESSIVE;
				CLANG_WARN_UNREACHABLE_CODE = YES;
				CLANG_WARN__DUPLICATE_METHOD_MATCH = YES;
				COPY_PHASE_STRIP = NO;
				DEBUG_INFORMATION_FORMAT = "dwarf-with-dsym";
				ENABLE_NS_ASSERTIONS = NO;
				ENABLE_STRICT_OBJC_MSGSEND = YES;
				GCC_C_LANGUAGE_STANDARD = gnu11;
				GCC_NO_COMMON_BLOCKS = YES;
				GCC_WARN_64_TO_32_BIT_CONVERSION = YES;
				GCC_WARN_ABOUT_RETURN_TYPE = YES_ERROR;
				GCC_WARN_UNDECLARED_SELECTOR = YES;
				GCC_WARN_UNINITIALIZED_AUTOS = YES_AGGRESSIVE;
				GCC_WARN_UNUSED_FUNCTION = YES;
				GCC_WARN_UNUSED_VARIABLE = YES;
				IPHONEOS_DEPLOYMENT_TARGET = 13.2;
				MTL_ENABLE_DEBUG_INFO = NO;
				MTL_FAST_MATH = YES;
				SDKROOT = iphoneos;
				SWIFT_COMPILATION_MODE = wholemodule;
				SWIFT_OPTIMIZATION_LEVEL = "-O";
				VALIDATE_PRODUCT = YES;
			};
			name = Release;
		};
		FDA765002487DCAF00A3F53E /* Debug */ = {
			isa = XCBuildConfiguration;
			buildSettings = {
				ASSETCATALOG_COMPILER_APPICON_NAME = AppIcon;
				CODE_SIGN_STYLE = Automatic;
				DEVELOPMENT_ASSET_PATHS = "\"SwiftUITextbookChapter7/Preview Content\"";
				DEVELOPMENT_TEAM = 8DJ3WL36QU;
				ENABLE_PREVIEWS = YES;
				INFOPLIST_FILE = SwiftUITextbookChapter7/Info.plist;
				LD_RUNPATH_SEARCH_PATHS = (
					"$(inherited)",
					"@executable_path/Frameworks",
				);
				PRODUCT_BUNDLE_IDENTIFIER = "Swift-beginners2.SwiftUITextbookChapter7";
				PRODUCT_NAME = "$(TARGET_NAME)";
				SWIFT_VERSION = 5.0;
				TARGETED_DEVICE_FAMILY = "1,2";
			};
			name = Debug;
		};
		FDA765012487DCAF00A3F53E /* Release */ = {
			isa = XCBuildConfiguration;
			buildSettings = {
				ASSETCATALOG_COMPILER_APPICON_NAME = AppIcon;
				CODE_SIGN_STYLE = Automatic;
				DEVELOPMENT_ASSET_PATHS = "\"SwiftUITextbookChapter7/Preview Content\"";
				DEVELOPMENT_TEAM = 8DJ3WL36QU;
				ENABLE_PREVIEWS = YES;
				INFOPLIST_FILE = SwiftUITextbookChapter7/Info.plist;
				LD_RUNPATH_SEARCH_PATHS = (
					"$(inherited)",
					"@executable_path/Frameworks",
				);
				PRODUCT_BUNDLE_IDENTIFIER = "Swift-beginners2.SwiftUITextbookChapter7";
				PRODUCT_NAME = "$(TARGET_NAME)";
				SWIFT_VERSION = 5.0;
				TARGETED_DEVICE_FAMILY = "1,2";
			};
			name = Release;
		};
/* End XCBuildConfiguration section */

/* Begin XCConfigurationList section */
		FDA764E62487DCAC00A3F53E /* Build configuration list for PBXProject "SwiftUITextbookChapter7" */ = {
			isa = XCConfigurationList;
			buildConfigurations = (
				FDA764FD2487DCAF00A3F53E /* Debug */,
				FDA764FE2487DCAF00A3F53E /* Release */,
			);
			defaultConfigurationIsVisible = 0;
			defaultConfigurationName = Release;
		};
		FDA764FF2487DCAF00A3F53E /* Build configuration list for PBXNativeTarget "SwiftUITextbookChapter7" */ = {
			isa = XCConfigurationList;
			buildConfigurations = (
				FDA765002487DCAF00A3F53E /* Debug */,
				FDA765012487DCAF00A3F53E /* Release */,
			);
			defaultConfigurationIsVisible = 0;
			defaultConfigurationName = Release;
		};
/* End XCConfigurationList section */
	};
	rootObject = FDA764E32487DCAC00A3F53E /* Project object */;
}
